{
  "nodes": {
    "arkenfox": {
      "inputs": {
        "flake-compat": "flake-compat",
        "flake-utils": "flake-utils",
        "nixpkgs": "nixpkgs",
        "pre-commit": "pre-commit"
      },
      "locked": {
        "lastModified": 1718613978,
        "narHash": "sha256-iXzxAcovEZHHYUYIWtIJYMpQf96MwasMirMxMKJL5Aw=",
        "owner": "dwarfmaster",
        "repo": "arkenfox-nixos",
        "rev": "35e803fa44abfd438c65b64ff2691f3f608cd2d3",
        "type": "github"
      },
      "original": {
        "owner": "dwarfmaster",
        "repo": "arkenfox-nixos",
        "type": "github"
      }
    },
    "chaotic-cx": {
      "inputs": {
        "compare-to": "compare-to",
        "flake-schemas": "flake-schemas",
        "home-manager": "home-manager",
        "jovian": "jovian",
        "nixpkgs": [
          "nixpkgs"
        ],
        "systems": "systems_2",
        "yafas": "yafas"
      },
      "locked": {
        "lastModified": 1719337945,
        "narHash": "sha256-huUuEiHzpqex8wiREzXpi8nose3zSFQebOH+eFCIvRQ=",
        "owner": "chaotic-cx",
        "repo": "nyx",
        "rev": "ea7cff23f3f25e1c6958f29f9aa623234a55d52c",
        "type": "github"
      },
      "original": {
        "owner": "chaotic-cx",
        "ref": "nyxpkgs-unstable",
        "repo": "nyx",
        "type": "github"
      }
    },
    "compare-to": {
      "locked": {
        "lastModified": 1695341185,
        "narHash": "sha256-htO6DSbWyCgaDkxi7foPjXwJFPzGjVt3RRUbPSpNtZY=",
        "rev": "98b8e330823a3570d328720f87a1153f8a7f2224",
        "revCount": 2,
        "type": "tarball",
        "url": "https://api.flakehub.com/f/pinned/chaotic-cx/nix-empty-flake/0.1.2%2Brev-98b8e330823a3570d328720f87a1153f8a7f2224/018aba35-d228-7fa9-b205-7616c89ef4e0/source.tar.gz"
      },
      "original": {
        "type": "tarball",
        "url": "https://flakehub.com/f/chaotic-cx/nix-empty-flake/%3D0.1.2.tar.gz"
      }
    },
    "flake-compat": {
      "flake": false,
      "locked": {
        "lastModified": 1696426674,
        "narHash": "sha256-kvjfFW7WAETZlt09AgDn1MrtKzP7t90Vf7vypd3OL1U=",
        "owner": "edolstra",
        "repo": "flake-compat",
        "rev": "0f9255e01c2351cc7d116c072cb317785dd33b33",
        "type": "github"
      },
      "original": {
        "owner": "edolstra",
        "repo": "flake-compat",
        "type": "github"
      }
    },
    "flake-compat_2": {
      "flake": false,
      "locked": {
        "lastModified": 1696426674,
        "narHash": "sha256-kvjfFW7WAETZlt09AgDn1MrtKzP7t90Vf7vypd3OL1U=",
        "owner": "edolstra",
        "repo": "flake-compat",
        "rev": "0f9255e01c2351cc7d116c072cb317785dd33b33",
        "type": "github"
      },
      "original": {
        "owner": "edolstra",
        "repo": "flake-compat",
        "type": "github"
      }
    },
    "flake-schemas": {
      "locked": {
        "lastModified": 1693491534,
        "narHash": "sha256-ifw8Td8kD08J8DxFbYjeIx5naHcDLz7s2IFP3X42I/U=",
        "rev": "c702cbb663d6d70bbb716584a2ee3aeb35017279",
        "revCount": 21,
        "type": "tarball",
        "url": "https://api.flakehub.com/f/pinned/DeterminateSystems/flake-schemas/0.1.1/018a4c59-80e1-708a-bb4d-854930c20f72/source.tar.gz"
      },
      "original": {
        "type": "tarball",
        "url": "https://flakehub.com/f/DeterminateSystems/flake-schemas/%3D0.1.1.tar.gz"
      }
    },
    "flake-utils": {
      "inputs": {
        "systems": "systems"
      },
      "locked": {
        "lastModified": 1710146030,
        "narHash": "sha256-SZ5L6eA7HJ/nmkzGG7/ISclqe6oZdOZTNoesiInkXPQ=",
        "owner": "numtide",
        "repo": "flake-utils",
        "rev": "b1d9ab70662946ef0850d488da1c9019f3a9752a",
        "type": "github"
      },
      "original": {
        "owner": "numtide",
        "repo": "flake-utils",
        "type": "github"
      }
    },
    "gitignore": {
      "inputs": {
        "nixpkgs": [
          "arkenfox",
          "pre-commit",
          "nixpkgs"
        ]
      },
      "locked": {
        "lastModified": 1709087332,
        "narHash": "sha256-HG2cCnktfHsKV0s4XW83gU3F57gaTljL9KNSuG6bnQs=",
        "owner": "hercules-ci",
        "repo": "gitignore.nix",
        "rev": "637db329424fd7e46cf4185293b9cc8c88c95394",
        "type": "github"
      },
      "original": {
        "owner": "hercules-ci",
        "repo": "gitignore.nix",
        "type": "github"
      }
    },
    "home-manager": {
      "inputs": {
        "nixpkgs": [
          "chaotic-cx",
          "nixpkgs"
        ]
      },
      "locked": {
        "lastModified": 1719180626,
        "narHash": "sha256-vZAzm5KQpR6RGple1dzmSJw5kPivES2heCFM+ZWkt0I=",
        "owner": "nix-community",
        "repo": "home-manager",
        "rev": "6b1f90a8ff92e81638ae6eb48cd62349c3e387bb",
        "type": "github"
      },
      "original": {
        "owner": "nix-community",
        "repo": "home-manager",
        "type": "github"
      }
    },
    "home-manager_2": {
      "inputs": {
        "nixpkgs": [
          "nixpkgs"
        ]
      },
      "locked": {
        "lastModified": 1719180626,
        "narHash": "sha256-vZAzm5KQpR6RGple1dzmSJw5kPivES2heCFM+ZWkt0I=",
        "owner": "nix-community",
        "repo": "home-manager",
        "rev": "6b1f90a8ff92e81638ae6eb48cd62349c3e387bb",
        "type": "github"
      },
      "original": {
        "owner": "nix-community",
        "repo": "home-manager",
        "type": "github"
      }
    },
    "hyprcursor": {
      "inputs": {
        "hyprlang": [
          "hyprland",
          "hyprlang"
        ],
        "nixpkgs": [
          "hyprland",
          "nixpkgs"
        ],
        "systems": [
          "hyprland",
          "systems"
        ]
      },
      "locked": {
        "lastModified": 1718450675,
        "narHash": "sha256-jpsns6buS4bK+1sF8sL8AaixAiCRjA+nldTKvcwmvUs=",
        "owner": "hyprwm",
        "repo": "hyprcursor",
        "rev": "66d5b46ff94efbfa6fa3d1d1b66735f1779c34a6",
        "type": "github"
      },
      "original": {
        "owner": "hyprwm",
        "repo": "hyprcursor",
        "type": "github"
      }
    },
    "hyprcursor_2": {
      "inputs": {
        "hyprlang": [
          "hyprland-virtual-desktops",
          "hyprland",
          "hyprlang"
        ],
        "nixpkgs": [
          "hyprland-virtual-desktops",
          "hyprland",
          "nixpkgs"
        ],
        "systems": [
          "hyprland-virtual-desktops",
          "hyprland",
          "systems"
        ]
      },
      "locked": {
        "lastModified": 1713214463,
        "narHash": "sha256-zAOOjqHAbccCRgJSuvTCA0FNLqKswN63LgVo43R7pxw=",
        "owner": "hyprwm",
        "repo": "hyprcursor",
        "rev": "0a53b9957f0b17f1a0036b25198f569969ad43a0",
        "type": "github"
      },
      "original": {
        "owner": "hyprwm",
        "repo": "hyprcursor",
        "type": "github"
      }
    },
    "hyprland": {
      "inputs": {
        "hyprcursor": "hyprcursor",
        "hyprlang": "hyprlang",
        "hyprutils": "hyprutils",
        "hyprwayland-scanner": "hyprwayland-scanner",
        "nixpkgs": "nixpkgs_3",
        "systems": "systems_3",
        "xdph": "xdph"
      },
      "locked": {
        "lastModified": 1719338642,
        "narHash": "sha256-oy2IpTiMTof5rUqdmUMYzn6Xugc8kTh629soVCyC3L4=",
        "ref": "refs/heads/main",
        "rev": "95782de966ec9e182d49b2f032b74a1101f423e8",
        "revCount": 4889,
        "submodules": true,
        "type": "git",
        "url": "https://github.com/hyprwm/Hyprland"
      },
      "original": {
        "submodules": true,
        "type": "git",
        "url": "https://github.com/hyprwm/Hyprland"
      }
    },
    "hyprland-contrib": {
      "inputs": {
        "nixpkgs": [
          "nixpkgs"
        ]
      },
      "locked": {
        "lastModified": 1718476555,
        "narHash": "sha256-fuWpgh8KasByIJWE+xVd37Al0LV5YAn6s871T50qVY0=",
        "owner": "hyprwm",
        "repo": "contrib",
        "rev": "29a8374f4b9206d5c4af84aceb7fb5dff441ea60",
        "type": "github"
      },
      "original": {
        "owner": "hyprwm",
        "repo": "contrib",
        "type": "github"
      }
    },
    "hyprland-plugins": {
      "inputs": {
        "hyprland": [
          "hyprland"
        ],
        "nixpkgs": [
          "hyprland-plugins",
          "hyprland",
          "nixpkgs"
        ],
        "systems": [
          "hyprland-plugins",
          "hyprland",
          "systems"
        ]
      },
      "locked": {
        "lastModified": 1719318037,
        "narHash": "sha256-TnlAcO5K2gkab0mpKurP5Co6eWRycP/KbFqWNS2rsMA=",
        "owner": "hyprwm",
        "repo": "hyprland-plugins",
        "rev": "3ae670253a5a3ae1e3a3104fb732a8c990a31487",
        "type": "github"
      },
      "original": {
        "owner": "hyprwm",
        "repo": "hyprland-plugins",
        "type": "github"
      }
    },
    "hyprland-portal": {
      "inputs": {
        "hyprland-protocols": "hyprland-protocols_2",
        "hyprlang": "hyprlang_2",
        "nixpkgs": "nixpkgs_4",
        "systems": "systems_5"
      },
      "locked": {
        "lastModified": 1718619174,
        "narHash": "sha256-FWW68AVYmB91ZDQnhLMBNCUUTCjb1ZpO2k2KIytHtkA=",
        "owner": "hyprwm",
        "repo": "xdg-desktop-portal-hyprland",
        "rev": "c7894aa54f9a7dbd16df5cd24d420c8af22d5623",
        "type": "github"
      },
      "original": {
        "owner": "hyprwm",
        "repo": "xdg-desktop-portal-hyprland",
        "type": "github"
      }
    },
    "hyprland-protocols": {
      "inputs": {
        "nixpkgs": [
          "hyprland",
          "xdph",
          "nixpkgs"
        ],
        "systems": [
          "hyprland",
          "xdph",
          "systems"
        ]
      },
      "locked": {
        "lastModified": 1714869498,
        "narHash": "sha256-vbLVOWvQqo4n1yvkg/Q70VTlPbMmTiCQfNTgcWDCfJM=",
        "owner": "hyprwm",
        "repo": "hyprland-protocols",
        "rev": "e06482e0e611130cd1929f75e8c1cf679e57d161",
        "type": "github"
      },
      "original": {
        "owner": "hyprwm",
        "repo": "hyprland-protocols",
        "type": "github"
      }
    },
    "hyprland-protocols_2": {
      "inputs": {
        "nixpkgs": [
          "hyprland-portal",
          "nixpkgs"
        ],
        "systems": [
          "hyprland-portal",
          "systems"
        ]
      },
      "locked": {
        "lastModified": 1714869498,
        "narHash": "sha256-vbLVOWvQqo4n1yvkg/Q70VTlPbMmTiCQfNTgcWDCfJM=",
        "owner": "hyprwm",
        "repo": "hyprland-protocols",
        "rev": "e06482e0e611130cd1929f75e8c1cf679e57d161",
        "type": "github"
      },
      "original": {
        "owner": "hyprwm",
        "repo": "hyprland-protocols",
        "type": "github"
      }
    },
    "hyprland-protocols_3": {
      "inputs": {
        "nixpkgs": [
          "hyprland-virtual-desktops",
          "hyprland",
          "nixpkgs"
        ],
        "systems": [
          "hyprland-virtual-desktops",
          "hyprland",
          "systems"
        ]
      },
      "locked": {
        "lastModified": 1691753796,
        "narHash": "sha256-zOEwiWoXk3j3+EoF3ySUJmberFewWlagvewDRuWYAso=",
        "owner": "hyprwm",
        "repo": "hyprland-protocols",
        "rev": "0c2ce70625cb30aef199cb388f99e19a61a6ce03",
        "type": "github"
      },
      "original": {
        "owner": "hyprwm",
        "repo": "hyprland-protocols",
        "type": "github"
      }
    },
    "hyprland-virtual-desktops": {
      "inputs": {
        "hyprland": "hyprland_2",
        "nixpkgs": [
          "hyprland"
        ]
      },
      "locked": {
        "lastModified": 1718446810,
        "narHash": "sha256-zl2Avq76mWRawzvz96apG9NOzvIQALSYCfUDUV7+W9c=",
        "owner": "levnikmyskin",
        "repo": "hyprland-virtual-desktops",
        "rev": "552214002b61f65a9ded08e6550782d3ca570487",
        "type": "github"
      },
      "original": {
        "owner": "levnikmyskin",
        "repo": "hyprland-virtual-desktops",
        "type": "github"
      }
    },
    "hyprland_2": {
      "inputs": {
        "hyprcursor": "hyprcursor_2",
        "hyprland-protocols": "hyprland-protocols_3",
        "hyprlang": "hyprlang_3",
        "hyprwayland-scanner": "hyprwayland-scanner_2",
        "nixpkgs": "nixpkgs_5",
        "systems": "systems_6",
        "wlroots": "wlroots",
        "xdph": "xdph_2"
      },
      "locked": {
        "lastModified": 1714837352,
        "narHash": "sha256-UxpPPS5uiyE4FDO3trfJObOm6sE7jnkVguHH6IdkQqs=",
        "ref": "refs/tags/v0.40.0",
        "rev": "cba1ade848feac44b2eda677503900639581c3f4",
        "revCount": 4606,
        "submodules": true,
        "type": "git",
        "url": "https://github.com/hyprwm/Hyprland"
      },
      "original": {
        "ref": "refs/tags/v0.40.0",
        "submodules": true,
        "type": "git",
        "url": "https://github.com/hyprwm/Hyprland"
      }
    },
    "hyprlang": {
      "inputs": {
        "hyprutils": [
          "hyprland",
          "hyprutils"
        ],
        "nixpkgs": [
          "hyprland",
          "nixpkgs"
        ],
        "systems": [
          "hyprland",
          "systems"
        ]
      },
      "locked": {
        "lastModified": 1717881852,
        "narHash": "sha256-XeeVoKHQgfKuXoP6q90sUqKyl7EYy3ol2dVZGM+Jj94=",
        "owner": "hyprwm",
        "repo": "hyprlang",
        "rev": "ec6938c66253429192274d612912649a0cfe4d28",
        "type": "github"
      },
      "original": {
        "owner": "hyprwm",
        "repo": "hyprlang",
        "type": "github"
      }
    },
    "hyprlang_2": {
      "inputs": {
        "hyprutils": "hyprutils_2",
        "nixpkgs": [
          "hyprland-portal",
          "nixpkgs"
        ],
        "systems": "systems_4"
      },
      "locked": {
        "lastModified": 1717881852,
        "narHash": "sha256-XeeVoKHQgfKuXoP6q90sUqKyl7EYy3ol2dVZGM+Jj94=",
        "owner": "hyprwm",
        "repo": "hyprlang",
        "rev": "ec6938c66253429192274d612912649a0cfe4d28",
        "type": "github"
      },
      "original": {
        "owner": "hyprwm",
        "repo": "hyprlang",
        "type": "github"
      }
    },
    "hyprlang_3": {
      "inputs": {
        "nixpkgs": [
          "hyprland-virtual-desktops",
          "hyprland",
          "nixpkgs"
        ],
        "systems": [
          "hyprland-virtual-desktops",
          "hyprland",
          "systems"
        ]
      },
      "locked": {
        "lastModified": 1713121246,
        "narHash": "sha256-502X0Q0fhN6tJK7iEUA8CghONKSatW/Mqj4Wappd++0=",
        "owner": "hyprwm",
        "repo": "hyprlang",
        "rev": "78fcaa27ae9e1d782faa3ff06c8ea55ddce63706",
        "type": "github"
      },
      "original": {
        "owner": "hyprwm",
        "repo": "hyprlang",
        "type": "github"
      }
    },
    "hyprutils": {
      "inputs": {
        "nixpkgs": [
          "hyprland",
          "nixpkgs"
        ],
        "systems": [
          "hyprland",
          "systems"
        ]
      },
      "locked": {
        "lastModified": 1719316102,
        "narHash": "sha256-dmRz128j/lJmMuTYeCYPfSBRHHQO3VeH4PbmoyAhHzw=",
        "owner": "hyprwm",
        "repo": "hyprutils",
        "rev": "1f6bbec5954f623ff8d68e567bddcce97cd2f085",
        "type": "github"
      },
      "original": {
        "owner": "hyprwm",
        "repo": "hyprutils",
        "type": "github"
      }
    },
    "hyprutils_2": {
      "inputs": {
        "nixpkgs": [
          "hyprland-portal",
          "hyprlang",
          "nixpkgs"
        ],
        "systems": [
          "hyprland-portal",
          "hyprlang",
          "systems"
        ]
      },
      "locked": {
        "lastModified": 1717881334,
        "narHash": "sha256-a0inRgJhPL6v9v7RPM/rx1kbXdfe3xJA1c9z0ZkYnh4=",
        "owner": "hyprwm",
        "repo": "hyprutils",
        "rev": "0693f9398ab693d89c9a0aa3b3d062dd61b7a60e",
        "type": "github"
      },
      "original": {
        "owner": "hyprwm",
        "repo": "hyprutils",
        "type": "github"
      }
    },
    "hyprwayland-scanner": {
      "inputs": {
        "nixpkgs": [
          "hyprland",
          "nixpkgs"
        ],
        "systems": [
          "hyprland",
          "systems"
        ]
      },
      "locked": {
        "lastModified": 1719067853,
        "narHash": "sha256-mAnZG/eQy72Fp1ImGtqCgUrDumnR1rMZv2E/zgP4U74=",
        "owner": "hyprwm",
        "repo": "hyprwayland-scanner",
        "rev": "914f083741e694092ee60a39d31f693d0a6dc734",
        "type": "github"
      },
      "original": {
        "owner": "hyprwm",
        "repo": "hyprwayland-scanner",
        "type": "github"
      }
    },
    "hyprwayland-scanner_2": {
      "inputs": {
        "nixpkgs": [
          "hyprland-virtual-desktops",
          "hyprland",
          "nixpkgs"
        ],
        "systems": [
          "hyprland-virtual-desktops",
          "hyprland",
          "systems"
        ]
      },
      "locked": {
        "lastModified": 1714755542,
        "narHash": "sha256-D0pg+ZRwrt4lavZ97Ca8clsgbPA3duLj8iEM7riaIFY=",
        "owner": "hyprwm",
        "repo": "hyprwayland-scanner",
        "rev": "1270ebaa539e56d61b708c24b072b09cbbd3a828",
        "type": "github"
      },
      "original": {
        "owner": "hyprwm",
        "repo": "hyprwayland-scanner",
        "type": "github"
      }
    },
    "jovian": {
      "inputs": {
        "nix-github-actions": "nix-github-actions",
        "nixpkgs": [
          "chaotic-cx",
          "nixpkgs"
        ]
      },
      "locked": {
        "lastModified": 1719292813,
        "narHash": "sha256-6w/buoRKo4ijH9O4D/0KjNtiWjtrJebuV7djTEEa0+k=",
        "owner": "Jovian-Experiments",
        "repo": "Jovian-NixOS",
        "rev": "d6222e7818aa5528f8369afe84bc53556a57c329",
        "type": "github"
      },
      "original": {
        "owner": "Jovian-Experiments",
        "repo": "Jovian-NixOS",
        "type": "github"
      }
    },
    "nix-flatpak": {
      "locked": {
        "lastModified": 1711997201,
        "narHash": "sha256-J71xzQlVYsjagA4AsVwRazhBh2rZrPpKvxTgs6UzL7c=",
        "owner": "gmodena",
        "repo": "nix-flatpak",
        "rev": "b76fa31346db7fc958a9898f3c594696ca71c4fd",
        "type": "github"
      },
      "original": {
        "owner": "gmodena",
        "ref": "v0.4.1",
        "repo": "nix-flatpak",
        "type": "github"
      }
    },
    "nix-github-actions": {
      "inputs": {
        "nixpkgs": [
          "chaotic-cx",
          "jovian",
          "nixpkgs"
        ]
      },
      "locked": {
        "lastModified": 1690328911,
        "narHash": "sha256-fxtExYk+aGf2YbjeWQ8JY9/n9dwuEt+ma1eUFzF8Jeo=",
        "owner": "zhaofengli",
        "repo": "nix-github-actions",
        "rev": "96df4a39c52f53cb7098b923224d8ce941b64747",
        "type": "github"
      },
      "original": {
        "owner": "zhaofengli",
        "ref": "matrix-name",
        "repo": "nix-github-actions",
        "type": "github"
      }
    },
    "nixpkgs": {
      "locked": {
        "lastModified": 1705957679,
        "narHash": "sha256-Q8LJaVZGJ9wo33wBafvZSzapYsjOaNjP/pOnSiKVGHY=",
        "owner": "NixOS",
        "repo": "nixpkgs",
        "rev": "9a333eaa80901efe01df07eade2c16d183761fa3",
        "type": "github"
      },
      "original": {
        "id": "nixpkgs",
        "ref": "release-23.05",
        "type": "indirect"
      }
    },
    "nixpkgs-stable": {
      "locked": {
        "lastModified": 1710695816,
        "narHash": "sha256-3Eh7fhEID17pv9ZxrPwCLfqXnYP006RKzSs0JptsN84=",
        "owner": "NixOS",
        "repo": "nixpkgs",
        "rev": "614b4613980a522ba49f0d194531beddbb7220d3",
        "type": "github"
      },
      "original": {
        "owner": "NixOS",
        "ref": "nixos-23.11",
        "repo": "nixpkgs",
        "type": "github"
      }
    },
    "nixpkgs-stable_2": {
      "locked": {
        "lastModified": 1719099622,
        "narHash": "sha256-YzJECAxFt+U5LPYf/pCwW/e1iUd2PF21WITHY9B/BAs=",
        "owner": "NixOS",
        "repo": "nixpkgs",
        "rev": "5e8e3b89adbd0be63192f6e645e0a54080004924",
        "type": "github"
      },
      "original": {
        "owner": "NixOS",
        "ref": "release-23.11",
        "repo": "nixpkgs",
        "type": "github"
      }
    },
    "nixpkgs_2": {
      "locked": {
        "lastModified": 1710765496,
        "narHash": "sha256-p7ryWEeQfMwTB6E0wIUd5V2cFTgq+DRRBz2hYGnJZyA=",
        "owner": "NixOS",
        "repo": "nixpkgs",
        "rev": "e367f7a1fb93137af22a3908f00b9a35e2d286a7",
        "type": "github"
      },
      "original": {
        "owner": "NixOS",
        "ref": "nixpkgs-unstable",
        "repo": "nixpkgs",
        "type": "github"
      }
    },
    "nixpkgs_3": {
      "locked": {
        "lastModified": 1719075281,
        "narHash": "sha256-CyyxvOwFf12I91PBWz43iGT1kjsf5oi6ax7CrvaMyAo=",
        "owner": "NixOS",
        "repo": "nixpkgs",
        "rev": "a71e967ef3694799d0c418c98332f7ff4cc5f6af",
        "type": "github"
      },
      "original": {
        "owner": "NixOS",
        "ref": "nixos-unstable",
        "repo": "nixpkgs",
        "type": "github"
      }
    },
    "nixpkgs_4": {
      "locked": {
        "lastModified": 1718318537,
        "narHash": "sha256-4Zu0RYRcAY/VWuu6awwq4opuiD//ahpc2aFHg2CWqFY=",
        "owner": "NixOS",
        "repo": "nixpkgs",
        "rev": "e9ee548d90ff586a6471b4ae80ae9cfcbceb3420",
        "type": "github"
      },
      "original": {
        "owner": "NixOS",
        "ref": "nixos-unstable",
        "repo": "nixpkgs",
        "type": "github"
      }
    },
    "nixpkgs_5": {
      "locked": {
        "lastModified": 1712963716,
        "narHash": "sha256-WKm9CvgCldeIVvRz87iOMi8CFVB1apJlkUT4GGvA0iM=",
        "owner": "NixOS",
        "repo": "nixpkgs",
        "rev": "cfd6b5fc90b15709b780a5a1619695a88505a176",
        "type": "github"
      },
      "original": {
        "owner": "NixOS",
        "ref": "nixos-unstable",
        "repo": "nixpkgs",
        "type": "github"
      }
    },
    "nixpkgs_6": {
      "locked": {
        "lastModified": 1719075281,
        "narHash": "sha256-CyyxvOwFf12I91PBWz43iGT1kjsf5oi6ax7CrvaMyAo=",
        "owner": "nixos",
        "repo": "nixpkgs",
        "rev": "a71e967ef3694799d0c418c98332f7ff4cc5f6af",
        "type": "github"
      },
      "original": {
        "owner": "nixos",
        "ref": "nixos-unstable",
        "repo": "nixpkgs",
        "type": "github"
      }
    },
    "nixpkgs_7": {
      "locked": {
        "lastModified": 1718983919,
        "narHash": "sha256-+1xgeIow4gJeiwo4ETvMRvWoircnvb0JOt7NS9kUhoM=",
        "owner": "NixOS",
        "repo": "nixpkgs",
        "rev": "90338afd6177fc683a04d934199d693708c85a3b",
        "type": "github"
      },
      "original": {
        "owner": "NixOS",
        "ref": "nixpkgs-unstable",
        "repo": "nixpkgs",
        "type": "github"
      }
    },
    "nur": {
      "locked": {
        "lastModified": 1719337524,
        "narHash": "sha256-bYp4//+XM+J1Y23sW6VjXAiCHUdq3aqgXue/tVeCxLw=",
        "owner": "nix-community",
        "repo": "NUR",
        "rev": "37ae43594731d4d801f53dffe465006421c7c292",
        "type": "github"
      },
      "original": {
        "owner": "nix-community",
        "repo": "NUR",
        "type": "github"
      }
    },
    "nvidia-patch": {
      "inputs": {
        "nixpkgs": [
          "nixpkgs"
        ],
        "utils": "utils"
      },
      "locked": {
        "lastModified": 1719253019,
        "narHash": "sha256-PWW+AXeiRAEozwFnGe1oFwJDbPqacSNbw1HjOT+TlKM=",
        "owner": "icewind1991",
        "repo": "nvidia-patch-nixos",
        "rev": "b75e8c26b7e46a7c1eaf3df416b9393db06779d5",
        "type": "github"
      },
      "original": {
        "owner": "icewind1991",
        "repo": "nvidia-patch-nixos",
        "type": "github"
      }
    },
    "pre-commit": {
      "inputs": {
        "flake-compat": "flake-compat_2",
        "gitignore": "gitignore",
        "nixpkgs": "nixpkgs_2",
        "nixpkgs-stable": "nixpkgs-stable"
      },
      "locked": {
        "lastModified": 1717664902,
        "narHash": "sha256-7XfBuLULizXjXfBYy/VV+SpYMHreNRHk9nKMsm1bgb4=",
        "owner": "cachix",
        "repo": "pre-commit-hooks.nix",
        "rev": "cc4d466cb1254af050ff7bdf47f6d404a7c646d1",
        "type": "github"
      },
      "original": {
        "owner": "cachix",
        "repo": "pre-commit-hooks.nix",
        "type": "github"
      }
    },
    "root": {
      "inputs": {
        "arkenfox": "arkenfox",
        "chaotic-cx": "chaotic-cx",
        "home-manager": "home-manager_2",
        "hyprland": "hyprland",
        "hyprland-contrib": "hyprland-contrib",
        "hyprland-plugins": "hyprland-plugins",
        "hyprland-portal": "hyprland-portal",
        "hyprland-virtual-desktops": "hyprland-virtual-desktops",
        "nix-flatpak": "nix-flatpak",
        "nixpkgs": "nixpkgs_6",
        "nur": "nur",
        "nvidia-patch": "nvidia-patch",
        "sops-nix": "sops-nix"
      }
    },
    "sops-nix": {
      "inputs": {
        "nixpkgs": "nixpkgs_7",
        "nixpkgs-stable": "nixpkgs-stable_2"
      },
      "locked": {
        "lastModified": 1719268571,
        "narHash": "sha256-pcUk2Fg5vPXLUEnFI97qaB8hto/IToRfqskFqsjvjb8=",
        "owner": "Mic92",
        "repo": "sops-nix",
        "rev": "c2ea1186c0cbfa4d06d406ae50f3e4b085ddc9b3",
        "type": "github"
      },
      "original": {
        "owner": "Mic92",
        "repo": "sops-nix",
        "type": "github"
      }
    },
    "systems": {
      "locked": {
        "lastModified": 1681028828,
        "narHash": "sha256-Vy1rq5AaRuLzOxct8nz4T6wlgyUR7zLU309k9mBC768=",
        "owner": "nix-systems",
        "repo": "default",
        "rev": "da67096a3b9bf56a91d16901293e51ba5b49a27e",
        "type": "github"
      },
      "original": {
        "owner": "nix-systems",
        "repo": "default",
        "type": "github"
      }
    },
    "systems_2": {
      "locked": {
        "lastModified": 1689347949,
        "narHash": "sha256-12tWmuL2zgBgZkdoB6qXZsgJEH9LR3oUgpaQq2RbI80=",
        "owner": "nix-systems",
        "repo": "default-linux",
        "rev": "31732fcf5e8fea42e59c2488ad31a0e651500f68",
        "type": "github"
      },
      "original": {
        "owner": "nix-systems",
        "repo": "default-linux",
        "type": "github"
      }
    },
    "systems_3": {
      "locked": {
        "lastModified": 1689347949,
        "narHash": "sha256-12tWmuL2zgBgZkdoB6qXZsgJEH9LR3oUgpaQq2RbI80=",
        "owner": "nix-systems",
        "repo": "default-linux",
        "rev": "31732fcf5e8fea42e59c2488ad31a0e651500f68",
        "type": "github"
      },
      "original": {
        "owner": "nix-systems",
        "repo": "default-linux",
        "type": "github"
      }
    },
    "systems_4": {
      "locked": {
        "lastModified": 1689347949,
        "narHash": "sha256-12tWmuL2zgBgZkdoB6qXZsgJEH9LR3oUgpaQq2RbI80=",
        "owner": "nix-systems",
        "repo": "default-linux",
        "rev": "31732fcf5e8fea42e59c2488ad31a0e651500f68",
        "type": "github"
      },
      "original": {
        "owner": "nix-systems",
        "repo": "default-linux",
        "type": "github"
      }
    },
    "systems_5": {
      "locked": {
        "lastModified": 1689347949,
        "narHash": "sha256-12tWmuL2zgBgZkdoB6qXZsgJEH9LR3oUgpaQq2RbI80=",
        "owner": "nix-systems",
        "repo": "default-linux",
        "rev": "31732fcf5e8fea42e59c2488ad31a0e651500f68",
        "type": "github"
      },
      "original": {
        "owner": "nix-systems",
        "repo": "default-linux",
        "type": "github"
      }
    },
    "systems_6": {
      "locked": {
        "lastModified": 1689347949,
        "narHash": "sha256-12tWmuL2zgBgZkdoB6qXZsgJEH9LR3oUgpaQq2RbI80=",
        "owner": "nix-systems",
        "repo": "default-linux",
        "rev": "31732fcf5e8fea42e59c2488ad31a0e651500f68",
        "type": "github"
      },
      "original": {
        "owner": "nix-systems",
        "repo": "default-linux",
        "type": "github"
      }
    },
    "systems_7": {
      "locked": {
        "lastModified": 1681028828,
        "narHash": "sha256-Vy1rq5AaRuLzOxct8nz4T6wlgyUR7zLU309k9mBC768=",
        "owner": "nix-systems",
        "repo": "default",
        "rev": "da67096a3b9bf56a91d16901293e51ba5b49a27e",
        "type": "github"
      },
      "original": {
        "owner": "nix-systems",
        "repo": "default",
        "type": "github"
      }
    },
    "utils": {
      "inputs": {
        "systems": "systems_7"
      },
      "locked": {
        "lastModified": 1710146030,
        "narHash": "sha256-SZ5L6eA7HJ/nmkzGG7/ISclqe6oZdOZTNoesiInkXPQ=",
        "owner": "numtide",
        "repo": "flake-utils",
        "rev": "b1d9ab70662946ef0850d488da1c9019f3a9752a",
        "type": "github"
      },
      "original": {
        "owner": "numtide",
        "repo": "flake-utils",
        "type": "github"
      }
    },
    "wlroots": {
      "flake": false,
      "locked": {
        "lastModified": 1713731601,
        "narHash": "sha256-bdcKdtLkusvv85DNuJsajZLFeq7bXp+x5AGP1Sd4wD8=",
        "owner": "hyprwm",
        "repo": "wlroots-hyprland",
        "rev": "5c1d51c5a2793480f5b6c4341ad0797052aec2ea",
        "type": "github"
      },
      "original": {
        "owner": "hyprwm",
        "repo": "wlroots-hyprland",
        "rev": "5c1d51c5a2793480f5b6c4341ad0797052aec2ea",
        "type": "github"
      }
    },
    "xdph": {
      "inputs": {
        "hyprland-protocols": "hyprland-protocols",
        "hyprlang": [
          "hyprland",
          "hyprlang"
        ],
        "nixpkgs": [
          "hyprland",
          "nixpkgs"
        ],
        "systems": [
          "hyprland",
          "systems"
        ]
      },
      "locked": {
        "lastModified": 1718619174,
        "narHash": "sha256-FWW68AVYmB91ZDQnhLMBNCUUTCjb1ZpO2k2KIytHtkA=",
        "owner": "hyprwm",
        "repo": "xdg-desktop-portal-hyprland",
        "rev": "c7894aa54f9a7dbd16df5cd24d420c8af22d5623",
        "type": "github"
      },
      "original": {
        "owner": "hyprwm",
        "repo": "xdg-desktop-portal-hyprland",
        "type": "github"
      }
    },
    "xdph_2": {
      "inputs": {
        "hyprland-protocols": [
          "hyprland-virtual-desktops",
          "hyprland",
          "hyprland-protocols"
        ],
        "hyprlang": [
          "hyprland-virtual-desktops",
          "hyprland",
          "hyprlang"
        ],
        "nixpkgs": [
          "hyprland-virtual-desktops",
          "hyprland",
          "nixpkgs"
        ],
        "systems": [
          "hyprland-virtual-desktops",
          "hyprland",
          "systems"
        ]
      },
      "locked": {
        "lastModified": 1713214484,
        "narHash": "sha256-h1bSIsDuPk1FGgvTuSHJyiU2Glu7oAyoPMJutKZmLQ8=",
        "owner": "hyprwm",
        "repo": "xdg-desktop-portal-hyprland",
        "rev": "bb44921534a9cee9635304fdb876c1b3ec3a8f61",
        "type": "github"
      },
      "original": {
        "owner": "hyprwm",
        "repo": "xdg-desktop-portal-hyprland",
        "type": "github"
      }
    },
    "yafas": {
      "inputs": {
        "flake-schemas": [
          "chaotic-cx",
          "flake-schemas"
        ],
        "systems": [
          "chaotic-cx",
          "systems"
        ]
      },
      "locked": {
        "lastModified": 1695926485,
        "narHash": "sha256-wNFFnItckgSs8XeYhhv8vlJs2WF09fSQaWgw4xkDqHQ=",
        "owner": "UbiqueLambda",
        "repo": "yafas",
        "rev": "7772afd6686458ca0ddbc599a52cf5d337367653",
        "type": "github"
      },
      "original": {
        "owner": "UbiqueLambda",
        "repo": "yafas",
        "type": "github"
      }
    }
  },
  "root": "root",
  "version": 7
}
